
Microsoft Visual Studio Solution File, Format Version 12.00
# Visual Studio Version 16
VisualStudioVersion = 16.0.31702.278
MinimumVisualStudioVersion = 10.0.40219.1
Project("{FAE04EC0-301F-11D3-BF4B-00C04F79EFBC}") = "CapaPresentación", "CapaPresentación\CapaPresentación.csproj", "{87404761-E275-4F24-8140-91F90CF4E90B}"
EndProject
Project("{FAE04EC0-301F-11D3-BF4B-00C04F79EFBC}") = "CapaLogica", "CapaLogica\CapaLogica.csproj", "{4F5DD928-8299-489B-93F0-52804FFB24CD}"
EndProject
Project("{FAE04EC0-301F-11D3-BF4B-00C04F79EFBC}") = "CapaDatos", "CapaDatos\CapaDatos.csproj", "{9C9F4670-6AB3-4668-BA85-918606635D30}"
EndProject
Global
	GlobalSection(SolutionConfigurationPlatforms) = preSolution
		Debug|Any CPU = Debug|Any CPU
		Release|Any CPU = Release|Any CPU
	EndGlobalSection
	GlobalSection(ProjectConfigurationPlatforms) = postSolution
		{87404761-E275-4F24-8140-91F90CF4E90B}.Debug|Any CPU.ActiveCfg = Debug|Any CPU
		{87404761-E275-4F24-8140-91F90CF4E90B}.Debug|Any CPU.Build.0 = Debug|Any CPU
		{87404761-E275-4F24-8140-91F90CF4E90B}.Release|Any CPU.ActiveCfg = Release|Any CPU
		{87404761-E275-4F24-8140-91F90CF4E90B}.Release|Any CPU.Build.0 = Release|Any CPU
		{4F5DD928-8299-489B-93F0-52804FFB24CD}.Debug|Any CPU.ActiveCfg = Debug|Any CPU
		{4F5DD928-8299-489B-93F0-52804FFB24CD}.Debug|Any CPU.Build.0 = Debug|Any CPU
		{4F5DD928-8299-489B-93F0-52804FFB24CD}.Release|Any CPU.ActiveCfg = Release|Any CPU
		{4F5DD928-8299-489B-93F0-52804FFB24CD}.Release|Any CPU.Build.0 = Release|Any CPU
		{9C9F4670-6AB3-4668-BA85-918606635D30}.Debug|Any CPU.ActiveCfg = Debug|Any CPU
		{9C9F4670-6AB3-4668-BA85-918606635D30}.Debug|Any CPU.Build.0 = Debug|Any CPU
		{9C9F4670-6AB3-4668-BA85-918606635D30}.Release|Any CPU.ActiveCfg = Release|Any CPU
		{9C9F4670-6AB3-4668-BA85-918606635D30}.Release|Any CPU.Build.0 = Release|Any CPU
	EndGlobalSection
	GlobalSection(SolutionProperties) = preSolution
		HideSolutionNode = FALSE
	EndGlobalSection
	GlobalSection(ExtensibilityGlobals) = postSolution
		SolutionGuid = {97D7D8C9-3136-4E9E-A260-4385A3ACADA5}
	EndGlobalSection
EndGlobal
